
Microsoft Visual Studio Solution File, Format Version 12.00
# Visual Studio Version 17
VisualStudioVersion = 17.14.36414.22 d17.14
MinimumVisualStudioVersion = 10.0.40219.1
Project("{FAE04EC0-301F-11D3-BF4B-00C04F79EFBC}") = "ZooDemo", "ZooDemo\ZooDemo.csproj", "{98B77FBC-79A9-4E13-A4F4-CF289577C80F}"
EndProject
Global
	GlobalSection(SolutionConfigurationPlatforms) = preSolution
		Debug|Any CPU = Debug|Any CPU
		Release|Any CPU = Release|Any CPU
	EndGlobalSection
	GlobalSection(ProjectConfigurationPlatforms) = postSolution
		{98B77FBC-79A9-4E13-A4F4-CF289577C80F}.Debug|Any CPU.ActiveCfg = Debug|Any CPU
		{98B77FBC-79A9-4E13-A4F4-CF289577C80F}.Debug|Any CPU.Build.0 = Debug|Any CPU
		{98B77FBC-79A9-4E13-A4F4-CF289577C80F}.Release|Any CPU.ActiveCfg = Release|Any CPU
		{98B77FBC-79A9-4E13-A4F4-CF289577C80F}.Release|Any CPU.Build.0 = Release|Any CPU
	EndGlobalSection
	GlobalSection(SolutionProperties) = preSolution
		HideSolutionNode = FALSE
	EndGlobalSection
	GlobalSection(ExtensibilityGlobals) = postSolution
		SolutionGuid = {448AAD3A-87A6-443C-8D62-2E5038CE93DF}
	EndGlobalSection
EndGlobal
